<?xml version="1.0" encoding="utf-8" standalone="no"?>
<Scheme LastUpgradeVersion="1100" version="1.3">
	<AnalyzeAction buildConfiguration="Debug" />
	<ArchiveAction buildConfiguration="Release" revealArchiveInOrganizer="YES" />
	<TestAction selectedDebuggerIdentifier="Xcode.DebuggerFoundation.Debugger.LLDB" buildConfiguration="Debug" selectedLauncherIdentifier="Xcode.DebuggerFoundation.Launcher.LLDB" shouldUseLaunchSchemeArgsEnv="YES" codeCoverageEnabled="NO">
		<Testables />
	</TestAction>
	<ProfileAction buildConfiguration="Release" shouldUseLaunchSchemeArgsEnv="YES" savedToolIdentifier="" useCustomWorkingDirectory="NO" debugDocumentVersioning="YES">
		<BuildableProductRunnable runnableDebuggingMode="0">
			<BuildableReference BlueprintName="SwiftStrikeTabletop" BuildableName="SwiftStrikeTabletop.app" ReferencedContainer="container:SwiftStrikeTabletop.xcodeproj" BuildableIdentifier="primary" BlueprintIdentifier="38A496EF229F8FA500C02FD0" />
		</BuildableProductRunnable>
	</ProfileAction>
	<BuildAction buildImplicitDependencies="YES" parallelizeBuildables="YES">
		<BuildActionEntries>
			<BuildActionEntry buildForArchiving="YES" buildForAnalyzing="YES" buildForTesting="YES" buildForRunning="YES" buildForProfiling="YES">
				<BuildableReference BlueprintIdentifier="38A496EF229F8FA500C02FD0" ReferencedContainer="container:SwiftStrikeTabletop.xcodeproj" BuildableIdentifier="primary" BlueprintName="SwiftStrikeTabletop" BuildableName="SwiftStrikeTabletop.app" />
			</BuildActionEntry>
		</BuildActionEntries>
	</BuildAction>
	<LaunchAction selectedLauncherIdentifier="Xcode.DebuggerFoundation.Launcher.LLDB" launchStyle="0" allowLocationSimulation="YES" buildConfiguration="Debug" ignoresPersistentStateOnLaunch="NO" useCustomWorkingDirectory="NO" debugDocumentVersioning="YES" debugServiceExtension="internal" selectedDebuggerIdentifier="Xcode.DebuggerFoundation.Debugger.LLDB">
		<BuildableProductRunnable runnableDebuggingMode="0">
			<BuildableReference BuildableIdentifier="primary" BlueprintIdentifier="38A496EF229F8FA500C02FD0" BlueprintName="SwiftStrikeTabletop" ReferencedContainer="container:SwiftStrikeTabletop.xcodeproj" BuildableName="SwiftStrikeTabletop.app" />
		</BuildableProductRunnable>
	</LaunchAction>
</Scheme>